# THIS IS AN AUTOGENERATED FILE. DO NOT EDIT THIS FILE DIRECTLY.
# yarn lockfile v1


"@types/snarkjs@^0.7.9":
  version "0.7.9"
  resolved "https://registry.yarnpkg.com/@types/snarkjs/-/snarkjs-0.7.9.tgz#7a3b99bd86009133a74dcb215a475382c772c37c"
  integrity sha512-pb4Bq3GI2YQOQOG0dR/YuQs/mqcuL6k/vnz68LIPtpA2frrUL3twf69a3AUK9eUmNNeW0RIKkq6scDlC75Is+g==
